
Microsoft Visual Studio Solution File, Format Version 12.00
# Visual Studio Version 17
VisualStudioVersion = 17.8.34525.116
MinimumVisualStudioVersion = 10.0.40219.1
Project("{9A19103F-16F7-4668-BE54-9A1E7A4F7556}") = "BeautySalonDomain", "BeautySalonDomain\BeautySalonDomain.csproj", "{C861A7DD-2FC6-4573-A8AF-F5771097C13F}"
EndProject
Project("{9A19103F-16F7-4668-BE54-9A1E7A4F7556}") = "BeautySalonInfrastructure", "BeautySalonInfrastructure\BeautySalonInfrastructure.csproj", "{22409456-48AA-4A46-99B3-43A3A75B656E}"
EndProject
Global
	GlobalSection(SolutionConfigurationPlatforms) = preSolution
		Debug|Any CPU = Debug|Any CPU
		Release|Any CPU = Release|Any CPU
	EndGlobalSection
	GlobalSection(ProjectConfigurationPlatforms) = postSolution
		{C861A7DD-2FC6-4573-A8AF-F5771097C13F}.Debug|Any CPU.ActiveCfg = Debug|Any CPU
		{C861A7DD-2FC6-4573-A8AF-F5771097C13F}.Debug|Any CPU.Build.0 = Debug|Any CPU
		{C861A7DD-2FC6-4573-A8AF-F5771097C13F}.Release|Any CPU.ActiveCfg = Release|Any CPU
		{C861A7DD-2FC6-4573-A8AF-F5771097C13F}.Release|Any CPU.Build.0 = Release|Any CPU
		{22409456-48AA-4A46-99B3-43A3A75B656E}.Debug|Any CPU.ActiveCfg = Debug|Any CPU
		{22409456-48AA-4A46-99B3-43A3A75B656E}.Debug|Any CPU.Build.0 = Debug|Any CPU
		{22409456-48AA-4A46-99B3-43A3A75B656E}.Release|Any CPU.ActiveCfg = Release|Any CPU
		{22409456-48AA-4A46-99B3-43A3A75B656E}.Release|Any CPU.Build.0 = Release|Any CPU
	EndGlobalSection
	GlobalSection(SolutionProperties) = preSolution
		HideSolutionNode = FALSE
	EndGlobalSection
	GlobalSection(ExtensibilityGlobals) = postSolution
		SolutionGuid = {1E3EB528-BEF1-4368-9171-CB1151607546}
	EndGlobalSection
EndGlobal
